
Microsoft Visual Studio Solution File, Format Version 12.00
# Visual Studio Version 17
VisualStudioVersion = 17.8.34330.188
MinimumVisualStudioVersion = 10.0.40219.1
Project("{9A19103F-16F7-4668-BE54-9A1E7A4F7556}") = "BlazorAuth", "BlazorAuth.csproj", "{15F44DDE-26DA-4672-9F38-19BD560DCC43}"
EndProject
Global
	GlobalSection(SolutionConfigurationPlatforms) = preSolution
		Debug|Any CPU = Debug|Any CPU
		Release|Any CPU = Release|Any CPU
	EndGlobalSection
	GlobalSection(ProjectConfigurationPlatforms) = postSolution
		{15F44DDE-26DA-4672-9F38-19BD560DCC43}.Debug|Any CPU.ActiveCfg = Debug|Any CPU
		{15F44DDE-26DA-4672-9F38-19BD560DCC43}.Debug|Any CPU.Build.0 = Debug|Any CPU
		{15F44DDE-26DA-4672-9F38-19BD560DCC43}.Release|Any CPU.ActiveCfg = Release|Any CPU
		{15F44DDE-26DA-4672-9F38-19BD560DCC43}.Release|Any CPU.Build.0 = Release|Any CPU
	EndGlobalSection
	GlobalSection(SolutionProperties) = preSolution
		HideSolutionNode = FALSE
	EndGlobalSection
	GlobalSection(ExtensibilityGlobals) = postSolution
		SolutionGuid = {B18BFF3A-6686-44B0-9F18-2735A6FDAB38}
	EndGlobalSection
EndGlobal
